
Microsoft Visual Studio Solution File, Format Version 12.00
# Visual Studio Version 17
VisualStudioVersion = 17.4.33122.133
MinimumVisualStudioVersion = 10.0.40219.1
Project("{9A19103F-16F7-4668-BE54-9A1E7A4F7556}") = "Mieszkancy", "projekt_latwiejszy_zaliczenie\Mieszkancy.csproj", "{DAD02D06-1ED6-411B-8D06-0C9B5F19C947}"
EndProject
Project("{FAE04EC0-301F-11D3-BF4B-00C04F79EFBC}") = "Mieszkancy.UnitTests", "Mieszkancy.UnitTests\Mieszkancy.UnitTests.csproj", "{F37C85C2-F69D-4B91-91D1-D58C0DDD4C44}"
EndProject
Global
	GlobalSection(SolutionConfigurationPlatforms) = preSolution
		Debug|Any CPU = Debug|Any CPU
		Release|Any CPU = Release|Any CPU
	EndGlobalSection
	GlobalSection(ProjectConfigurationPlatforms) = postSolution
		{DAD02D06-1ED6-411B-8D06-0C9B5F19C947}.Debug|Any CPU.ActiveCfg = Debug|Any CPU
		{DAD02D06-1ED6-411B-8D06-0C9B5F19C947}.Debug|Any CPU.Build.0 = Debug|Any CPU
		{DAD02D06-1ED6-411B-8D06-0C9B5F19C947}.Release|Any CPU.ActiveCfg = Release|Any CPU
		{DAD02D06-1ED6-411B-8D06-0C9B5F19C947}.Release|Any CPU.Build.0 = Release|Any CPU
		{F37C85C2-F69D-4B91-91D1-D58C0DDD4C44}.Debug|Any CPU.ActiveCfg = Debug|Any CPU
		{F37C85C2-F69D-4B91-91D1-D58C0DDD4C44}.Debug|Any CPU.Build.0 = Debug|Any CPU
		{F37C85C2-F69D-4B91-91D1-D58C0DDD4C44}.Release|Any CPU.ActiveCfg = Release|Any CPU
		{F37C85C2-F69D-4B91-91D1-D58C0DDD4C44}.Release|Any CPU.Build.0 = Release|Any CPU
	EndGlobalSection
	GlobalSection(SolutionProperties) = preSolution
		HideSolutionNode = FALSE
	EndGlobalSection
	GlobalSection(ExtensibilityGlobals) = postSolution
		SolutionGuid = {AB0F30BD-62C1-4156-A668-FFDECD8155A9}
	EndGlobalSection
EndGlobal
